// !$*UTF8*$!
{
	archiveVersion = 1;
	classes = {
	};
	objectVersion = 55;
	objects = {

/* Begin PBXBuildFile section */
		630A8A3E281BBEE100A508F6 /* Location.swift in Sources */ = {isa = PBXBuildFile; fileRef = 630A8A3D281BBEE100A508F6 /* Location.swift */; };
		631CC80D2849CB230055D4EB /* PersisData.swift in Sources */ = {isa = PBXBuildFile; fileRef = 631CC80C2849CB230055D4EB /* PersisData.swift */; };
		631CC80F2849E0DF0055D4EB /* Constants.swift in Sources */ = {isa = PBXBuildFile; fileRef = 631CC80E2849E0DF0055D4EB /* Constants.swift */; };
		633E810B2824253C00F7952D /* SeeWrite.swift in Sources */ = {isa = PBXBuildFile; fileRef = 633E810A2824253C00F7952D /* SeeWrite.swift */; };
		63692DD428700E4C009F1060 /* CoreLocationController.swift in Sources */ = {isa = PBXBuildFile; fileRef = 63692DD328700E4C009F1060 /* CoreLocationController.swift */; };
		63692DD628700E91009F1060 /* LocationController.swift in Sources */ = {isa = PBXBuildFile; fileRef = 63692DD528700E91009F1060 /* LocationController.swift */; };
		63A645192921EDFD0001A7DB /* NotoSerifKR-Regular.otf in Resources */ = {isa = PBXBuildFile; fileRef = 63A645122921EDFC0001A7DB /* NotoSerifKR-Regular.otf */; };
		63A6451A2921EDFD0001A7DB /* NotoSerifKR-SemiBold.otf in Resources */ = {isa = PBXBuildFile; fileRef = 63A645132921EDFC0001A7DB /* NotoSerifKR-SemiBold.otf */; };
		63A6451B2921EDFD0001A7DB /* NotoSerifKR-Black.otf in Resources */ = {isa = PBXBuildFile; fileRef = 63A645142921EDFC0001A7DB /* NotoSerifKR-Black.otf */; };
		63A6451C2921EDFD0001A7DB /* NotoSerifKR-Medium.otf in Resources */ = {isa = PBXBuildFile; fileRef = 63A645152921EDFD0001A7DB /* NotoSerifKR-Medium.otf */; };
		63A6451D2921EDFD0001A7DB /* NotoSerifKR-ExtraLight.otf in Resources */ = {isa = PBXBuildFile; fileRef = 63A645162921EDFD0001A7DB /* NotoSerifKR-ExtraLight.otf */; };
		63A6451E2921EDFD0001A7DB /* NotoSerifKR-Light.otf in Resources */ = {isa = PBXBuildFile; fileRef = 63A645172921EDFD0001A7DB /* NotoSerifKR-Light.otf */; };
		63A6451F2921EDFD0001A7DB /* NotoSerifKR-Bold.otf in Resources */ = {isa = PBXBuildFile; fileRef = 63A645182921EDFD0001A7DB /* NotoSerifKR-Bold.otf */; };
		63B2CD8828192E6800476EFF /* TodayWalkingIsApp.swift in Sources */ = {isa = PBXBuildFile; fileRef = 63B2CD8728192E6800476EFF /* TodayWalkingIsApp.swift */; };
		63B2CD8A28192E6800476EFF /* ContentView.swift in Sources */ = {isa = PBXBuildFile; fileRef = 63B2CD8928192E6800476EFF /* ContentView.swift */; };
		63B2CD8C28192E6A00476EFF /* Assets.xcassets in Resources */ = {isa = PBXBuildFile; fileRef = 63B2CD8B28192E6A00476EFF /* Assets.xcassets */; };
		63B2CD8F28192E6A00476EFF /* Preview Assets.xcassets in Resources */ = {isa = PBXBuildFile; fileRef = 63B2CD8E28192E6A00476EFF /* Preview Assets.xcassets */; };
		63B2CD982819306600476EFF /* Main.swift in Sources */ = {isa = PBXBuildFile; fileRef = 63B2CD972819306600476EFF /* Main.swift */; };
		63B2CD9A281930EB00476EFF /* WalkThrough.swift in Sources */ = {isa = PBXBuildFile; fileRef = 63B2CD99281930EB00476EFF /* WalkThrough.swift */; };
		63DE5EA4282621D600D98FD6 /* WLocation.swift in Sources */ = {isa = PBXBuildFile; fileRef = 63DE5EA3282621D600D98FD6 /* WLocation.swift */; };
		63F55B5F2820059C004D7D65 /* Writing.swift in Sources */ = {isa = PBXBuildFile; fileRef = 63F55B5E2820059C004D7D65 /* Writing.swift */; };
		63F55B63282010D2004D7D65 /* PlaceWrite.swift in Sources */ = {isa = PBXBuildFile; fileRef = 63F55B62282010D2004D7D65 /* PlaceWrite.swift */; };
/* End PBXBuildFile section */

/* Begin PBXFileReference section */
		630A8A3D281BBEE100A508F6 /* Location.swift */ = {isa = PBXFileReference; lastKnownFileType = sourcecode.swift; path = Location.swift; sourceTree = "<group>"; };
		631CC80C2849CB230055D4EB /* PersisData.swift */ = {isa = PBXFileReference; lastKnownFileType = sourcecode.swift; path = PersisData.swift; sourceTree = "<group>"; };
		631CC80E2849E0DF0055D4EB /* Constants.swift */ = {isa = PBXFileReference; lastKnownFileType = sourcecode.swift; path = Constants.swift; sourceTree = "<group>"; };
		633E810A2824253C00F7952D /* SeeWrite.swift */ = {isa = PBXFileReference; lastKnownFileType = sourcecode.swift; path = SeeWrite.swift; sourceTree = "<group>"; };
		63692DD328700E4C009F1060 /* CoreLocationController.swift */ = {isa = PBXFileReference; lastKnownFileType = sourcecode.swift; path = CoreLocationController.swift; sourceTree = "<group>"; };
		63692DD528700E91009F1060 /* LocationController.swift */ = {isa = PBXFileReference; lastKnownFileType = sourcecode.swift; path = LocationController.swift; sourceTree = "<group>"; };
		63A645122921EDFC0001A7DB /* NotoSerifKR-Regular.otf */ = {isa = PBXFileReference; lastKnownFileType = file; path = "NotoSerifKR-Regular.otf"; sourceTree = "<group>"; };
		63A645132921EDFC0001A7DB /* NotoSerifKR-SemiBold.otf */ = {isa = PBXFileReference; lastKnownFileType = file; path = "NotoSerifKR-SemiBold.otf"; sourceTree = "<group>"; };
		63A645142921EDFC0001A7DB /* NotoSerifKR-Black.otf */ = {isa = PBXFileReference; lastKnownFileType = file; path = "NotoSerifKR-Black.otf"; sourceTree = "<group>"; };
		63A645152921EDFD0001A7DB /* NotoSerifKR-Medium.otf */ = {isa = PBXFileReference; lastKnownFileType = file; path = "NotoSerifKR-Medium.otf"; sourceTree = "<group>"; };
		63A645162921EDFD0001A7DB /* NotoSerifKR-ExtraLight.otf */ = {isa = PBXFileReference; lastKnownFileType = file; path = "NotoSerifKR-ExtraLight.otf"; sourceTree = "<group>"; };
		63A645172921EDFD0001A7DB /* NotoSerifKR-Light.otf */ = {isa = PBXFileReference; lastKnownFileType = file; path = "NotoSerifKR-Light.otf"; sourceTree = "<group>"; };
		63A645182921EDFD0001A7DB /* NotoSerifKR-Bold.otf */ = {isa = PBXFileReference; lastKnownFileType = file; path = "NotoSerifKR-Bold.otf"; sourceTree = "<group>"; };
		63A645202921EE130001A7DB /* Info.plist */ = {isa = PBXFileReference; lastKnownFileType = text.plist; path = Info.plist; sourceTree = "<group>"; };
		63B2CD8428192E6800476EFF /* TodayWalkingIs.app */ = {isa = PBXFileReference; explicitFileType = wrapper.application; includeInIndex = 0; path = TodayWalkingIs.app; sourceTree = BUILT_PRODUCTS_DIR; };
		63B2CD8728192E6800476EFF /* TodayWalkingIsApp.swift */ = {isa = PBXFileReference; lastKnownFileType = sourcecode.swift; path = TodayWalkingIsApp.swift; sourceTree = "<group>"; };
		63B2CD8928192E6800476EFF /* ContentView.swift */ = {isa = PBXFileReference; lastKnownFileType = sourcecode.swift; path = ContentView.swift; sourceTree = "<group>"; };
		63B2CD8B28192E6A00476EFF /* Assets.xcassets */ = {isa = PBXFileReference; lastKnownFileType = folder.assetcatalog; path = Assets.xcassets; sourceTree = "<group>"; };
		63B2CD8E28192E6A00476EFF /* Preview Assets.xcassets */ = {isa = PBXFileReference; lastKnownFileType = folder.assetcatalog; path = "Preview Assets.xcassets"; sourceTree = "<group>"; };
		63B2CD972819306600476EFF /* Main.swift */ = {isa = PBXFileReference; lastKnownFileType = sourcecode.swift; path = Main.swift; sourceTree = "<group>"; };
		63B2CD99281930EB00476EFF /* WalkThrough.swift */ = {isa = PBXFileReference; lastKnownFileType = sourcecode.swift; path = WalkThrough.swift; sourceTree = "<group>"; };
		63DE5EA3282621D600D98FD6 /* WLocation.swift */ = {isa = PBXFileReference; lastKnownFileType = sourcecode.swift; path = WLocation.swift; sourceTree = "<group>"; };
		63F55B5E2820059C004D7D65 /* Writing.swift */ = {isa = PBXFileReference; lastKnownFileType = sourcecode.swift; path = Writing.swift; sourceTree = "<group>"; };
		63F55B62282010D2004D7D65 /* PlaceWrite.swift */ = {isa = PBXFileReference; lastKnownFileType = sourcecode.swift; path = PlaceWrite.swift; sourceTree = "<group>"; };
/* End PBXFileReference section */

/* Begin PBXFrameworksBuildPhase section */
		63B2CD8128192E6800476EFF /* Frameworks */ = {
			isa = PBXFrameworksBuildPhase;
			buildActionMask = 2147483647;
			files = (
			);
			runOnlyForDeploymentPostprocessing = 0;
		};
/* End PBXFrameworksBuildPhase section */

/* Begin PBXGroup section */
		637E5505281B9AF9009E6324 /* Controller */ = {
			isa = PBXGroup;
			children = (
				63692DD328700E4C009F1060 /* CoreLocationController.swift */,
				63692DD528700E91009F1060 /* LocationController.swift */,
			);
			path = Controller;
			sourceTree = "<group>";
		};
		637E5506281B9B00009E6324 /* View */ = {
			isa = PBXGroup;
			children = (
				63B2CD99281930EB00476EFF /* WalkThrough.swift */,
				63B2CD972819306600476EFF /* Main.swift */,
				63B2CD8928192E6800476EFF /* ContentView.swift */,
				63F55B62282010D2004D7D65 /* PlaceWrite.swift */,
				633E810A2824253C00F7952D /* SeeWrite.swift */,
			);
			path = View;
			sourceTree = "<group>";
		};
		63A645112921EDE80001A7DB /* Font */ = {
			isa = PBXGroup;
			children = (
				63A645142921EDFC0001A7DB /* NotoSerifKR-Black.otf */,
				63A645182921EDFD0001A7DB /* NotoSerifKR-Bold.otf */,
				63A645162921EDFD0001A7DB /* NotoSerifKR-ExtraLight.otf */,
				63A645172921EDFD0001A7DB /* NotoSerifKR-Light.otf */,
				63A645152921EDFD0001A7DB /* NotoSerifKR-Medium.otf */,
				63A645122921EDFC0001A7DB /* NotoSerifKR-Regular.otf */,
				63A645132921EDFC0001A7DB /* NotoSerifKR-SemiBold.otf */,
			);
			path = Font;
			sourceTree = "<group>";
		};
		63B2CD7B28192E6800476EFF = {
			isa = PBXGroup;
			children = (
				63B2CD8628192E6800476EFF /* TodayWalkingIs */,
				63B2CD8528192E6800476EFF /* Products */,
			);
			sourceTree = "<group>";
		};
		63B2CD8528192E6800476EFF /* Products */ = {
			isa = PBXGroup;
			children = (
				63B2CD8428192E6800476EFF /* TodayWalkingIs.app */,
			);
			name = Products;
			sourceTree = "<group>";
		};
		63B2CD8628192E6800476EFF /* TodayWalkingIs */ = {
			isa = PBXGroup;
			children = (
				63A645202921EE130001A7DB /* Info.plist */,
				63A645112921EDE80001A7DB /* Font */,
				637E5506281B9B00009E6324 /* View */,
				637E5505281B9AF9009E6324 /* Controller */,
				63B2CD9528192E8200476EFF /* Model */,
				63B2CD8728192E6800476EFF /* TodayWalkingIsApp.swift */,
				63B2CD8B28192E6A00476EFF /* Assets.xcassets */,
				63B2CD8D28192E6A00476EFF /* Preview Content */,
				631CC80E2849E0DF0055D4EB /* Constants.swift */,
			);
			path = TodayWalkingIs;
			sourceTree = "<group>";
		};
		63B2CD8D28192E6A00476EFF /* Preview Content */ = {
			isa = PBXGroup;
			children = (
				63B2CD8E28192E6A00476EFF /* Preview Assets.xcassets */,
			);
			path = "Preview Content";
			sourceTree = "<group>";
		};
		63B2CD9528192E8200476EFF /* Model */ = {
			isa = PBXGroup;
			children = (
				630A8A3D281BBEE100A508F6 /* Location.swift */,
				63F55B5E2820059C004D7D65 /* Writing.swift */,
				63DE5EA3282621D600D98FD6 /* WLocation.swift */,
				631CC80C2849CB230055D4EB /* PersisData.swift */,
			);
			path = Model;
			sourceTree = "<group>";
		};
/* End PBXGroup section */

/* Begin PBXNativeTarget section */
		63B2CD8328192E6800476EFF /* TodayWalkingIs */ = {
			isa = PBXNativeTarget;
			buildConfigurationList = 63B2CD9228192E6A00476EFF /* Build configuration list for PBXNativeTarget "TodayWalkingIs" */;
			buildPhases = (
				63B2CD8028192E6800476EFF /* Sources */,
				63B2CD8128192E6800476EFF /* Frameworks */,
				63B2CD8228192E6800476EFF /* Resources */,
			);
			buildRules = (
			);
			dependencies = (
			);
			name = TodayWalkingIs;
			productName = TodayWalkingIs;
			productReference = 63B2CD8428192E6800476EFF /* TodayWalkingIs.app */;
			productType = "com.apple.product-type.application";
		};
/* End PBXNativeTarget section */

/* Begin PBXProject section */
		63B2CD7C28192E6800476EFF /* Project object */ = {
			isa = PBXProject;
			attributes = {
				BuildIndependentTargetsInParallel = 1;
				LastSwiftUpdateCheck = 1330;
				LastUpgradeCheck = 1330;
				TargetAttributes = {
					63B2CD8328192E6800476EFF = {
						CreatedOnToolsVersion = 13.3.1;
					};
				};
			};
			buildConfigurationList = 63B2CD7F28192E6800476EFF /* Build configuration list for PBXProject "TodayWalkingIs" */;
			compatibilityVersion = "Xcode 13.0";
			developmentRegion = en;
			hasScannedForEncodings = 0;
			knownRegions = (
				en,
				Base,
			);
			mainGroup = 63B2CD7B28192E6800476EFF;
			productRefGroup = 63B2CD8528192E6800476EFF /* Products */;
			projectDirPath = "";
			projectRoot = "";
			targets = (
				63B2CD8328192E6800476EFF /* TodayWalkingIs */,
			);
		};
/* End PBXProject section */

/* Begin PBXResourcesBuildPhase section */
		63B2CD8228192E6800476EFF /* Resources */ = {
			isa = PBXResourcesBuildPhase;
			buildActionMask = 2147483647;
			files = (
				63B2CD8F28192E6A00476EFF /* Preview Assets.xcassets in Resources */,
				63A6451A2921EDFD0001A7DB /* NotoSerifKR-SemiBold.otf in Resources */,
				63A6451B2921EDFD0001A7DB /* NotoSerifKR-Black.otf in Resources */,
				63A6451C2921EDFD0001A7DB /* NotoSerifKR-Medium.otf in Resources */,
				63A6451D2921EDFD0001A7DB /* NotoSerifKR-ExtraLight.otf in Resources */,
				63A645192921EDFD0001A7DB /* NotoSerifKR-Regular.otf in Resources */,
				63B2CD8C28192E6A00476EFF /* Assets.xcassets in Resources */,
				63A6451F2921EDFD0001A7DB /* NotoSerifKR-Bold.otf in Resources */,
				63A6451E2921EDFD0001A7DB /* NotoSerifKR-Light.otf in Resources */,
			);
			runOnlyForDeploymentPostprocessing = 0;
		};
/* End PBXResourcesBuildPhase section */

/* Begin PBXSourcesBuildPhase section */
		63B2CD8028192E6800476EFF /* Sources */ = {
			isa = PBXSourcesBuildPhase;
			buildActionMask = 2147483647;
			files = (
				63B2CD9A281930EB00476EFF /* WalkThrough.swift in Sources */,
				63DE5EA4282621D600D98FD6 /* WLocation.swift in Sources */,
				63F55B63282010D2004D7D65 /* PlaceWrite.swift in Sources */,
				63B2CD982819306600476EFF /* Main.swift in Sources */,
				63692DD428700E4C009F1060 /* CoreLocationController.swift in Sources */,
				63692DD628700E91009F1060 /* LocationController.swift in Sources */,
				63F55B5F2820059C004D7D65 /* Writing.swift in Sources */,
				630A8A3E281BBEE100A508F6 /* Location.swift in Sources */,
				63B2CD8A28192E6800476EFF /* ContentView.swift in Sources */,
				633E810B2824253C00F7952D /* SeeWrite.swift in Sources */,
				631CC80D2849CB230055D4EB /* PersisData.swift in Sources */,
				63B2CD8828192E6800476EFF /* TodayWalkingIsApp.swift in Sources */,
				631CC80F2849E0DF0055D4EB /* Constants.swift in Sources */,
			);
			runOnlyForDeploymentPostprocessing = 0;
		};
/* End PBXSourcesBuildPhase section */

/* Begin XCBuildConfiguration section */
		63B2CD9028192E6A00476EFF /* Debug */ = {
			isa = XCBuildConfiguration;
			buildSettings = {
				ALWAYS_SEARCH_USER_PATHS = NO;
				CLANG_ANALYZER_NONNULL = YES;
				CLANG_ANALYZER_NUMBER_OBJECT_CONVERSION = YES_AGGRESSIVE;
				CLANG_CXX_LANGUAGE_STANDARD = "gnu++17";
				CLANG_ENABLE_MODULES = YES;
				CLANG_ENABLE_OBJC_ARC = YES;
				CLANG_ENABLE_OBJC_WEAK = YES;
				CLANG_WARN_BLOCK_CAPTURE_AUTORELEASING = YES;
				CLANG_WARN_BOOL_CONVERSION = YES;
				CLANG_WARN_COMMA = YES;
				CLANG_WARN_CONSTANT_CONVERSION = YES;
				CLANG_WARN_DEPRECATED_OBJC_IMPLEMENTATIONS = YES;
				CLANG_WARN_DIRECT_OBJC_ISA_USAGE = YES_ERROR;
				CLANG_WARN_DOCUMENTATION_COMMENTS = YES;
				CLANG_WARN_EMPTY_BODY = YES;
				CLANG_WARN_ENUM_CONVERSION = YES;
				CLANG_WARN_INFINITE_RECURSION = YES;
				CLANG_WARN_INT_CONVERSION = YES;
				CLANG_WARN_NON_LITERAL_NULL_CONVERSION = YES;
				CLANG_WARN_OBJC_IMPLICIT_RETAIN_SELF = YES;
				CLANG_WARN_OBJC_LITERAL_CONVERSION = YES;
				CLANG_WARN_OBJC_ROOT_CLASS = YES_ERROR;
				CLANG_WARN_QUOTED_INCLUDE_IN_FRAMEWORK_HEADER = YES;
				CLANG_WARN_RANGE_LOOP_ANALYSIS = YES;
				CLANG_WARN_STRICT_PROTOTYPES = YES;
				CLANG_WARN_SUSPICIOUS_MOVE = YES;
				CLANG_WARN_UNGUARDED_AVAILABILITY = YES_AGGRESSIVE;
				CLANG_WARN_UNREACHABLE_CODE = YES;
				CLANG_WARN__DUPLICATE_METHOD_MATCH = YES;
				COPY_PHASE_STRIP = NO;
				DEBUG_INFORMATION_FORMAT = dwarf;
				ENABLE_STRICT_OBJC_MSGSEND = YES;
				ENABLE_TESTABILITY = YES;
				GCC_C_LANGUAGE_STANDARD = gnu11;
				GCC_DYNAMIC_NO_PIC = NO;
				GCC_NO_COMMON_BLOCKS = YES;
				GCC_OPTIMIZATION_LEVEL = 0;
				GCC_PREPROCESSOR_DEFINITIONS = (
					"DEBUG=1",
					"$(inherited)",
				);
				GCC_WARN_64_TO_32_BIT_CONVERSION = YES;
				GCC_WARN_ABOUT_RETURN_TYPE = YES_ERROR;
				GCC_WARN_UNDECLARED_SELECTOR = YES;
				GCC_WARN_UNINITIALIZED_AUTOS = YES_AGGRESSIVE;
				GCC_WARN_UNUSED_FUNCTION = YES;
				GCC_WARN_UNUSED_VARIABLE = YES;
				IPHONEOS_DEPLOYMENT_TARGET = 15.4;
				MTL_ENABLE_DEBUG_INFO = INCLUDE_SOURCE;
				MTL_FAST_MATH = YES;
				ONLY_ACTIVE_ARCH = YES;
				SDKROOT = iphoneos;
				SWIFT_ACTIVE_COMPILATION_CONDITIONS = DEBUG;
				SWIFT_OPTIMIZATION_LEVEL = "-Onone";
			};
			name = Debug;
		};
		63B2CD9128192E6A00476EFF /* Release */ = {
			isa = XCBuildConfiguration;
			buildSettings = {
				ALWAYS_SEARCH_USER_PATHS = NO;
				CLANG_ANALYZER_NONNULL = YES;
				CLANG_ANALYZER_NUMBER_OBJECT_CONVERSION = YES_AGGRESSIVE;
				CLANG_CXX_LANGUAGE_STANDARD = "gnu++17";
				CLANG_ENABLE_MODULES = YES;
				CLANG_ENABLE_OBJC_ARC = YES;
				CLANG_ENABLE_OBJC_WEAK = YES;
				CLANG_WARN_BLOCK_CAPTURE_AUTORELEASING = YES;
				CLANG_WARN_BOOL_CONVERSION = YES;
				CLANG_WARN_COMMA = YES;
				CLANG_WARN_CONSTANT_CONVERSION = YES;
				CLANG_WARN_DEPRECATED_OBJC_IMPLEMENTATIONS = YES;
				CLANG_WARN_DIRECT_OBJC_ISA_USAGE = YES_ERROR;
				CLANG_WARN_DOCUMENTATION_COMMENTS = YES;
				CLANG_WARN_EMPTY_BODY = YES;
				CLANG_WARN_ENUM_CONVERSION = YES;
				CLANG_WARN_INFINITE_RECURSION = YES;
				CLANG_WARN_INT_CONVERSION = YES;
				CLANG_WARN_NON_LITERAL_NULL_CONVERSION = YES;
				CLANG_WARN_OBJC_IMPLICIT_RETAIN_SELF = YES;
				CLANG_WARN_OBJC_LITERAL_CONVERSION = YES;
				CLANG_WARN_OBJC_ROOT_CLASS = YES_ERROR;
				CLANG_WARN_QUOTED_INCLUDE_IN_FRAMEWORK_HEADER = YES;
				CLANG_WARN_RANGE_LOOP_ANALYSIS = YES;
				CLANG_WARN_STRICT_PROTOTYPES = YES;
				CLANG_WARN_SUSPICIOUS_MOVE = YES;
				CLANG_WARN_UNGUARDED_AVAILABILITY = YES_AGGRESSIVE;
				CLANG_WARN_UNREACHABLE_CODE = YES;
				CLANG_WARN__DUPLICATE_METHOD_MATCH = YES;
				COPY_PHASE_STRIP = NO;
				DEBUG_INFORMATION_FORMAT = "dwarf-with-dsym";
				ENABLE_NS_ASSERTIONS = NO;
				ENABLE_STRICT_OBJC_MSGSEND = YES;
				GCC_C_LANGUAGE_STANDARD = gnu11;
				GCC_NO_COMMON_BLOCKS = YES;
				GCC_WARN_64_TO_32_BIT_CONVERSION = YES;
				GCC_WARN_ABOUT_RETURN_TYPE = YES_ERROR;
				GCC_WARN_UNDECLARED_SELECTOR = YES;
				GCC_WARN_UNINITIALIZED_AUTOS = YES_AGGRESSIVE;
				GCC_WARN_UNUSED_FUNCTION = YES;
				GCC_WARN_UNUSED_VARIABLE = YES;
				IPHONEOS_DEPLOYMENT_TARGET = 15.4;
				MTL_ENABLE_DEBUG_INFO = NO;
				MTL_FAST_MATH = YES;
				SDKROOT = iphoneos;
				SWIFT_COMPILATION_MODE = wholemodule;
				SWIFT_OPTIMIZATION_LEVEL = "-O";
				VALIDATE_PRODUCT = YES;
			};
			name = Release;
		};
		63B2CD9328192E6A00476EFF /* Debug */ = {
			isa = XCBuildConfiguration;
			buildSettings = {
				ASSETCATALOG_COMPILER_APPICON_NAME = AppIcon;
				ASSETCATALOG_COMPILER_GLOBAL_ACCENT_COLOR_NAME = AccentColor;
				CODE_SIGN_STYLE = Automatic;
				CURRENT_PROJECT_VERSION = 1;
				DEVELOPMENT_ASSET_PATHS = "\"TodayWalkingIs/Preview Content\"";
				DEVELOPMENT_TEAM = S5VGQ6HPYR;
				ENABLE_PREVIEWS = YES;
				GENERATE_INFOPLIST_FILE = YES;
				INFOPLIST_FILE = TodayWalkingIs/Info.plist;
				INFOPLIST_KEY_NSLocationAlwaysAndWhenInUseUsageDescription = "당신의 현재위치를 확인하려고합니다 괜찮은가요?";
				INFOPLIST_KEY_NSLocationWhenInUseUsageDescription = "당신의 현재위치를 확인하려고합니다 괜찮은가요?";
				INFOPLIST_KEY_UIApplicationSceneManifest_Generation = YES;
				INFOPLIST_KEY_UIApplicationSupportsIndirectInputEvents = YES;
				INFOPLIST_KEY_UILaunchScreen_Generation = YES;
				INFOPLIST_KEY_UISupportedInterfaceOrientations_iPad = "UIInterfaceOrientationPortrait UIInterfaceOrientationPortraitUpsideDown UIInterfaceOrientationLandscapeLeft UIInterfaceOrientationLandscapeRight";
				INFOPLIST_KEY_UISupportedInterfaceOrientations_iPhone = "UIInterfaceOrientationPortrait UIInterfaceOrientationLandscapeLeft UIInterfaceOrientationLandscapeRight";
				LD_RUNPATH_SEARCH_PATHS = (
					"$(inherited)",
					"@executable_path/Frameworks",
				);
				MARKETING_VERSION = 1.0;
				PRODUCT_BUNDLE_IDENTIFIER = com.david0929.TodayWalkingIs;
				PRODUCT_NAME = "$(TARGET_NAME)";
				SWIFT_EMIT_LOC_STRINGS = YES;
				SWIFT_VERSION = 5.0;
				TARGETED_DEVICE_FAMILY = "1,2";
			};
			name = Debug;
		};
		63B2CD9428192E6A00476EFF /* Release */ = {
			isa = XCBuildConfiguration;
			buildSettings = {
				ASSETCATALOG_COMPILER_APPICON_NAME = AppIcon;
				ASSETCATALOG_COMPILER_GLOBAL_ACCENT_COLOR_NAME = AccentColor;
				CODE_SIGN_STYLE = Automatic;
				CURRENT_PROJECT_VERSION = 1;
				DEVELOPMENT_ASSET_PATHS = "\"TodayWalkingIs/Preview Content\"";
				DEVELOPMENT_TEAM = S5VGQ6HPYR;
				ENABLE_PREVIEWS = YES;
				GENERATE_INFOPLIST_FILE = YES;
				INFOPLIST_FILE = TodayWalkingIs/Info.plist;
				INFOPLIST_KEY_NSLocationAlwaysAndWhenInUseUsageDescription = "당신의 현재위치를 확인하려고합니다 괜찮은가요?";
				INFOPLIST_KEY_NSLocationWhenInUseUsageDescription = "당신의 현재위치를 확인하려고합니다 괜찮은가요?";
				INFOPLIST_KEY_UIApplicationSceneManifest_Generation = YES;
				INFOPLIST_KEY_UIApplicationSupportsIndirectInputEvents = YES;
				INFOPLIST_KEY_UILaunchScreen_Generation = YES;
				INFOPLIST_KEY_UISupportedInterfaceOrientations_iPad = "UIInterfaceOrientationPortrait UIInterfaceOrientationPortraitUpsideDown UIInterfaceOrientationLandscapeLeft UIInterfaceOrientationLandscapeRight";
				INFOPLIST_KEY_UISupportedInterfaceOrientations_iPhone = "UIInterfaceOrientationPortrait UIInterfaceOrientationLandscapeLeft UIInterfaceOrientationLandscapeRight";
				LD_RUNPATH_SEARCH_PATHS = (
					"$(inherited)",
					"@executable_path/Frameworks",
				);
				MARKETING_VERSION = 1.0;
				PRODUCT_BUNDLE_IDENTIFIER = com.david0929.TodayWalkingIs;
				PRODUCT_NAME = "$(TARGET_NAME)";
				SWIFT_EMIT_LOC_STRINGS = YES;
				SWIFT_VERSION = 5.0;
				TARGETED_DEVICE_FAMILY = "1,2";
			};
			name = Release;
		};
/* End XCBuildConfiguration section */

/* Begin XCConfigurationList section */
		63B2CD7F28192E6800476EFF /* Build configuration list for PBXProject "TodayWalkingIs" */ = {
			isa = XCConfigurationList;
			buildConfigurations = (
				63B2CD9028192E6A00476EFF /* Debug */,
				63B2CD9128192E6A00476EFF /* Release */,
			);
			defaultConfigurationIsVisible = 0;
			defaultConfigurationName = Release;
		};
		63B2CD9228192E6A00476EFF /* Build configuration list for PBXNativeTarget "TodayWalkingIs" */ = {
			isa = XCConfigurationList;
			buildConfigurations = (
				63B2CD9328192E6A00476EFF /* Debug */,
				63B2CD9428192E6A00476EFF /* Release */,
			);
			defaultConfigurationIsVisible = 0;
			defaultConfigurationName = Release;
		};
/* End XCConfigurationList section */
	};
	rootObject = 63B2CD7C28192E6800476EFF /* Project object */;
}
